{
  "nodes": {
    "nixpkgs": {
      "locked": {
        "lastModified": 1705150327,
        "narHash": "sha256-MZn5JhL/o1T+K+NEDibEoapho9iJtwPsUGKObMxmuSI=",
        "owner": "nixos",
        "repo": "nixpkgs",
        "rev": "85cbb44a8399d85d0a72e70436b3e511416b0277",
        "type": "github"
      },
      "original": {
        "owner": "nixos",
        "repo": "nixpkgs",
        "type": "github"
      }
    },
    "root": {
      "inputs": {
        "nixpkgs": "nixpkgs"
      }
    }
  },
  "root": "root",
  "version": 7
}
