{
  "nodes": {
    "nixpkgs": {
      "locked": {
        "lastModified": 1710711835,
        "narHash": "sha256-rzi4shELEK7OsDQ+5nnsUYDfKOjVvS9RWCCcg7Ye1bo=",
        "owner": "nixos",
        "repo": "nixpkgs",
        "rev": "8904e65ca8ab3d89045e0ed5401b9d85ba79abfe",
        "type": "github"
      },
      "original": {
        "owner": "nixos",
        "repo": "nixpkgs",
        "type": "github"
      }
    },
    "root": {
      "inputs": {
        "nixpkgs": "nixpkgs"
      }
    }
  },
  "root": "root",
  "version": 7
}
