{
  "nodes": {
    "nixpkgs": {
      "locked": {
        "lastModified": 1712606637,
        "narHash": "sha256-Uk/DY8J2hmlBpIjY3dhi5k0SIDPVPJpvdsb3ZPq0Cm0=",
        "owner": "nixos",
        "repo": "nixpkgs",
        "rev": "63310e3f2b6a1e863d5e286beeeb073422d26274",
        "type": "github"
      },
      "original": {
        "owner": "nixos",
        "repo": "nixpkgs",
        "type": "github"
      }
    },
    "root": {
      "inputs": {
        "nixpkgs": "nixpkgs"
      }
    }
  },
  "root": "root",
  "version": 7
}
